<?xml version="1.0" encoding="utf-8"?>
<Project ToolsVersion="4.0" xmlns="http://schemas.microsoft.com/developer/msbuild/2003">
  <ItemGroup>
    <Filter Include="Source Files">
      <UniqueIdentifier>{4FC737F1-C7A5-4376-A066-2A32D752A2FF}</UniqueIdentifier>
      <Extensions>cpp;c;cc;cxx;def;odl;idl;hpj;bat;asm;asmx</Extensions>
    </Filter>
    <Filter Include="Header Files">
      <UniqueIdentifier>{93995380-89BD-4b04-88EB-625FBE52EBFB}</UniqueIdentifier>
      <Extensions>h;hpp;hxx;hm;inl;inc;xsd</Extensions>
    </Filter>
    <Filter Include="Resource Files">
      <UniqueIdentifier>{67DA6AB6-F800-4c08-8B7A-83BB121AAD01}</UniqueIdentifier>
      <Extensions>rc;ico;cur;bmp;dlg;rc2;rct;bin;rgs;gif;jpg;jpeg;jpe;resx;tiff;tif;png;wav;mfcribbon-ms</Extensions>
    </Filter>
  </ItemGroup>
  <ItemGroup>
    <None Include="ReadMe.txt" />
  </ItemGroup>
  <ItemGroup>
    <ClInclude Include="stdafx.h">
      <Filter>Header Files</Filter>
    </ClInclude>
    <ClInclude Include="targetver.h">
      <Filter>Header Files</Filter>
    </ClInclude>
    <ClInclude Include="XYTranslator.h">
      <Filter>Header Files</Filter>
    </ClInclude>
    <ClInclude Include="XYBotLoader.h">
      <Filter>Header Files</Filter>
    </ClInclude>
    <ClInclude Include="Table.h">
      <Filter>Header Files</Filter>
    </ClInclude>
    <ClInclude Include="Severity.h">
      <Filter>Header Files</Filter>
    </ClInclude>
    <ClInclude Include="RulzXMLHandler.h">
      <Filter>Header Files</Filter>
    </ClInclude>
    <ClInclude Include="Rulz.h">
      <Filter>Header Files</Filter>
    </ClInclude>
    <ClInclude Include="Process.h">
      <Filter>Header Files</Filter>
    </ClInclude>
    <ClInclude Include="LogXMLHandler.h">
      <Filter>Header Files</Filter>
    </ClInclude>
    <ClInclude Include="Logger.h">
      <Filter>Header Files</Filter>
    </ClInclude>
    <ClInclude Include="Loggable.h">
      <Filter>Header Files</Filter>
    </ClInclude>
    <ClInclude Include="Log.h">
      <Filter>Header Files</Filter>
    </ClInclude>
    <ClInclude Include="KnowledgeTable.h">
      <Filter>Header Files</Filter>
    </ClInclude>
    <ClInclude Include="KnowledgeDataType.h">
      <Filter>Header Files</Filter>
    </ClInclude>
    <ClInclude Include="Hostess.h">
      <Filter>Header Files</Filter>
    </ClInclude>
    <ClInclude Include="HandRank.h">
      <Filter>Header Files</Filter>
    </ClInclude>
    <ClInclude Include="HandEvaluator.h">
      <Filter>Header Files</Filter>
    </ClInclude>
    <ClInclude Include="GameOwner.h">
      <Filter>Header Files</Filter>
    </ClInclude>
    <ClInclude Include="Event.h">
      <Filter>Header Files</Filter>
    </ClInclude>
    <ClInclude Include="Entity.h">
      <Filter>Header Files</Filter>
    </ClInclude>
    <ClInclude Include="Deck.h">
      <Filter>Header Files</Filter>
    </ClInclude>
    <ClInclude Include="Croupier.h">
      <Filter>Header Files</Filter>
    </ClInclude>
    <ClInclude Include="CppBotLoader.h">
      <Filter>Header Files</Filter>
    </ClInclude>
    <ClInclude Include="Comment.h">
      <Filter>Header Files</Filter>
    </ClInclude>
    <ClInclude Include="Card.h">
      <Filter>Header Files</Filter>
    </ClInclude>
    <ClInclude Include="BroadcastStation.h">
      <Filter>Header Files</Filter>
    </ClInclude>
    <ClInclude Include="BroadcastMessage.h">
      <Filter>Header Files</Filter>
    </ClInclude>
    <ClInclude Include="BroadcastMember.h">
      <Filter>Header Files</Filter>
    </ClInclude>
    <ClInclude Include="BotManager.h">
      <Filter>Header Files</Filter>
    </ClInclude>
    <ClInclude Include="BotLoader.h">
      <Filter>Header Files</Filter>
    </ClInclude>
    <ClInclude Include="BotKnowledgeHandler.h">
      <Filter>Header Files</Filter>
    </ClInclude>
    <ClInclude Include="BotInfo.h">
      <Filter>Header Files</Filter>
    </ClInclude>
    <ClInclude Include="BotHandler.h">
      <Filter>Header Files</Filter>
    </ClInclude>
    <ClInclude Include="BotCommunicator.h">
      <Filter>Header Files</Filter>
    </ClInclude>
    <ClInclude Include="BotCommunicationTranslator.h">
      <Filter>Header Files</Filter>
    </ClInclude>
    <ClInclude Include="Bot.h">
      <Filter>Header Files</Filter>
    </ClInclude>
    <ClInclude Include="GameModule.h">
      <Filter>Header Files</Filter>
    </ClInclude>
  </ItemGroup>
  <ItemGroup>
    <ClCompile Include="stdafx.cpp">
      <Filter>Source Files</Filter>
    </ClCompile>
    <ClCompile Include="GameModule.cpp">
      <Filter>Source Files</Filter>
    </ClCompile>
    <ClCompile Include="Bot.cpp">
      <Filter>Source Files</Filter>
    </ClCompile>
    <ClCompile Include="BotCommunicationTranslator.cpp">
      <Filter>Source Files</Filter>
    </ClCompile>
    <ClCompile Include="BotCommunicator.cpp">
      <Filter>Source Files</Filter>
    </ClCompile>
    <ClCompile Include="BotHandler.cpp">
      <Filter>Source Files</Filter>
    </ClCompile>
    <ClCompile Include="BotInfo.cpp">
      <Filter>Source Files</Filter>
    </ClCompile>
    <ClCompile Include="BotKnowledgeHandler.cpp">
      <Filter>Source Files</Filter>
    </ClCompile>
    <ClCompile Include="BotManager.cpp">
      <Filter>Source Files</Filter>
    </ClCompile>
    <ClCompile Include="BroadcastMember.cpp">
      <Filter>Source Files</Filter>
    </ClCompile>
    <ClCompile Include="BroadcastStation.cpp">
      <Filter>Source Files</Filter>
    </ClCompile>
    <ClCompile Include="CppBotLoader.cpp">
      <Filter>Source Files</Filter>
    </ClCompile>
    <ClCompile Include="Croupier.cpp">
      <Filter>Source Files</Filter>
    </ClCompile>
    <ClCompile Include="Deck.cpp">
      <Filter>Source Files</Filter>
    </ClCompile>
    <ClCompile Include="Entity.cpp">
      <Filter>Source Files</Filter>
    </ClCompile>
    <ClCompile Include="GameOwner.cpp">
      <Filter>Source Files</Filter>
    </ClCompile>
    <ClCompile Include="HandEvaluator.cpp">
      <Filter>Source Files</Filter>
    </ClCompile>
    <ClCompile Include="Hostess.cpp">
      <Filter>Source Files</Filter>
    </ClCompile>
    <ClCompile Include="KnowledgeTable.cpp">
      <Filter>Source Files</Filter>
    </ClCompile>
    <ClCompile Include="Log.cpp">
      <Filter>Source Files</Filter>
    </ClCompile>
    <ClCompile Include="Logger.cpp">
      <Filter>Source Files</Filter>
    </ClCompile>
    <ClCompile Include="LogXMLHandler.cpp">
      <Filter>Source Files</Filter>
    </ClCompile>
    <ClCompile Include="Process.cpp">
      <Filter>Source Files</Filter>
    </ClCompile>
    <ClCompile Include="Rulz.cpp">
      <Filter>Source Files</Filter>
    </ClCompile>
    <ClCompile Include="RulzXMLHandler.cpp">
      <Filter>Source Files</Filter>
    </ClCompile>
    <ClCompile Include="Table.cpp">
      <Filter>Source Files</Filter>
    </ClCompile>
    <ClCompile Include="XYBotLoader.cpp">
      <Filter>Source Files</Filter>
    </ClCompile>
    <ClCompile Include="XYTranslator.cpp">
      <Filter>Source Files</Filter>
    </ClCompile>
  </ItemGroup>
</Project>